// !$*UTF8*$!
{
	archiveVersion = 1;
	classes = {
	};
	objectVersion = 46;
	objects = {

/* Begin PBXBuildFile section */
		660033BE53718726A19BA935 /* Pods_ImpulseExtension.framework in Frameworks */ = {isa = PBXBuildFile; fileRef = 3D5B560E1A40960E7BAE0B09 /* Pods_ImpulseExtension.framework */; settings = {ATTRIBUTES = (Weak, ); }; };
		6AA7925D6D8FC2C50AE8387B /* Pods_Impulse_WatchKit_Extension.framework in Frameworks */ = {isa = PBXBuildFile; fileRef = 4C6706D65B0CEA4011E0632D /* Pods_Impulse_WatchKit_Extension.framework */; settings = {ATTRIBUTES = (Weak, ); }; };
		AA4D064E1B5C0AE6001F3E86 /* InterfaceController.swift in Sources */ = {isa = PBXBuildFile; fileRef = AA4D064D1B5C0AE6001F3E86 /* InterfaceController.swift */; };
		AA4D06501B5C0AE6001F3E86 /* GlanceController.swift in Sources */ = {isa = PBXBuildFile; fileRef = AA4D064F1B5C0AE6001F3E86 /* GlanceController.swift */; };
		AA4D06521B5C0AE6001F3E86 /* Images.xcassets in Resources */ = {isa = PBXBuildFile; fileRef = AA4D06511B5C0AE6001F3E86 /* Images.xcassets */; };
		AA4D06561B5C0AE7001F3E86 /* Impulse WatchKit App.app in Resources */ = {isa = PBXBuildFile; fileRef = AA4D06551B5C0AE6001F3E86 /* Impulse WatchKit App.app */; };
		AA4D065E1B5C0AE7001F3E86 /* Interface.storyboard in Resources */ = {isa = PBXBuildFile; fileRef = AA4D065C1B5C0AE7001F3E86 /* Interface.storyboard */; };
		AA4D06601B5C0AE7001F3E86 /* Images.xcassets in Resources */ = {isa = PBXBuildFile; fileRef = AA4D065F1B5C0AE7001F3E86 /* Images.xcassets */; };
		AA4D06631B5C0AE7001F3E86 /* Impulse WatchKit Extension.appex in Embed App Extensions */ = {isa = PBXBuildFile; fileRef = AA4D06491B5C0AE6001F3E86 /* Impulse WatchKit Extension.appex */; settings = {ATTRIBUTES = (RemoveHeadersOnCopy, ); }; };
		AA578B731B55F450000BDC17 /* IMPGradientView.swift in Sources */ = {isa = PBXBuildFile; fileRef = AA578B721B55F450000BDC17 /* IMPGradientView.swift */; };
		AA578B761B55F9AE000BDC17 /* UIColor+Constants.swift in Sources */ = {isa = PBXBuildFile; fileRef = AA578B751B55F9AE000BDC17 /* UIColor+Constants.swift */; };
		AAB941F71B5730E200902FF5 /* Settings.storyboard in Resources */ = {isa = PBXBuildFile; fileRef = AAB941F61B5730E200902FF5 /* Settings.storyboard */; };
		AAB941F91B573BF400902FF5 /* IMPWhiteColoredDatePicker.swift in Sources */ = {isa = PBXBuildFile; fileRef = AAB941F81B573BF400902FF5 /* IMPWhiteColoredDatePicker.swift */; };
		AAB941FB1B573F4700902FF5 /* UIImage+Constants.swift in Sources */ = {isa = PBXBuildFile; fileRef = AAB941FA1B573F4700902FF5 /* UIImage+Constants.swift */; };
		AAB941FD1B57468B00902FF5 /* SettingsViewController.swift in Sources */ = {isa = PBXBuildFile; fileRef = AAB941FC1B57468B00902FF5 /* SettingsViewController.swift */; };
		AABBA4781B59A40B007C7334 /* NotificationCenter.framework in Frameworks */ = {isa = PBXBuildFile; fileRef = AABBA4771B59A40B007C7334 /* NotificationCenter.framework */; };
		AABBA47D1B59A40B007C7334 /* ImpulseExtensionViewController.swift in Sources */ = {isa = PBXBuildFile; fileRef = AABBA47C1B59A40B007C7334 /* ImpulseExtensionViewController.swift */; };
		AABBA47F1B59A40B007C7334 /* ImpulseExtension.storyboard in Resources */ = {isa = PBXBuildFile; fileRef = AABBA47E1B59A40B007C7334 /* ImpulseExtension.storyboard */; };
		AABBA4821B59A40B007C7334 /* ImpulseExtension.appex in Embed App Extensions */ = {isa = PBXBuildFile; fileRef = AABBA4761B59A40B007C7334 /* ImpulseExtension.appex */; settings = {ATTRIBUTES = (RemoveHeadersOnCopy, ); }; };
		AAE7F38B1B55E607005DC836 /* AppDelegate.swift in Sources */ = {isa = PBXBuildFile; fileRef = AAE7F38A1B55E607005DC836 /* AppDelegate.swift */; };
		AAE7F38D1B55E607005DC836 /* AgeViewController.swift in Sources */ = {isa = PBXBuildFile; fileRef = AAE7F38C1B55E607005DC836 /* AgeViewController.swift */; };
		AAE7F3901B55E607005DC836 /* Age.storyboard in Resources */ = {isa = PBXBuildFile; fileRef = AAE7F38E1B55E607005DC836 /* Age.storyboard */; };
		AAE7F3921B55E607005DC836 /* Images.xcassets in Resources */ = {isa = PBXBuildFile; fileRef = AAE7F3911B55E607005DC836 /* Images.xcassets */; };
		AAE7F3951B55E607005DC836 /* LaunchScreen.xib in Resources */ = {isa = PBXBuildFile; fileRef = AAE7F3931B55E607005DC836 /* LaunchScreen.xib */; };
		AAE7F3A11B55E607005DC836 /* ImpulseTests.swift in Sources */ = {isa = PBXBuildFile; fileRef = AAE7F3A01B55E607005DC836 /* ImpulseTests.swift */; };
		B4A59B596E5AE0286387B597 /* Pods.framework in Frameworks */ = {isa = PBXBuildFile; fileRef = 266DCBBE2DF713C20EEDB3FB /* Pods.framework */; settings = {ATTRIBUTES = (Weak, ); }; };
/* End PBXBuildFile section */

/* Begin PBXContainerItemProxy section */
		AA4D06571B5C0AE7001F3E86 /* PBXContainerItemProxy */ = {
			isa = PBXContainerItemProxy;
			containerPortal = AAE7F37D1B55E607005DC836 /* Project object */;
			proxyType = 1;
			remoteGlobalIDString = AA4D06541B5C0AE6001F3E86;
			remoteInfo = "Impulse WatchKit App";
		};
		AA4D06611B5C0AE7001F3E86 /* PBXContainerItemProxy */ = {
			isa = PBXContainerItemProxy;
			containerPortal = AAE7F37D1B55E607005DC836 /* Project object */;
			proxyType = 1;
			remoteGlobalIDString = AA4D06481B5C0AE6001F3E86;
			remoteInfo = "Impulse WatchKit Extension";
		};
		AABBA4801B59A40B007C7334 /* PBXContainerItemProxy */ = {
			isa = PBXContainerItemProxy;
			containerPortal = AAE7F37D1B55E607005DC836 /* Project object */;
			proxyType = 1;
			remoteGlobalIDString = AABBA4751B59A40B007C7334;
			remoteInfo = ImpulseExtension;
		};
		AAE7F39B1B55E607005DC836 /* PBXContainerItemProxy */ = {
			isa = PBXContainerItemProxy;
			containerPortal = AAE7F37D1B55E607005DC836 /* Project object */;
			proxyType = 1;
			remoteGlobalIDString = AAE7F3841B55E607005DC836;
			remoteInfo = Impulse;
		};
/* End PBXContainerItemProxy section */

/* Begin PBXCopyFilesBuildPhase section */
		AABBA4861B59A40B007C7334 /* Embed App Extensions */ = {
			isa = PBXCopyFilesBuildPhase;
			buildActionMask = 2147483647;
			dstPath = "";
			dstSubfolderSpec = 13;
			files = (
				AA4D06631B5C0AE7001F3E86 /* Impulse WatchKit Extension.appex in Embed App Extensions */,
				AABBA4821B59A40B007C7334 /* ImpulseExtension.appex in Embed App Extensions */,
			);
			name = "Embed App Extensions";
			runOnlyForDeploymentPostprocessing = 0;
		};
/* End PBXCopyFilesBuildPhase section */

/* Begin PBXFileReference section */
		0861ACAF7F02B7AAA4CB6CD7 /* Pods-Impulse WatchKit Extension.release.xcconfig */ = {isa = PBXFileReference; includeInIndex = 1; lastKnownFileType = text.xcconfig; name = "Pods-Impulse WatchKit Extension.release.xcconfig"; path = "Pods/Target Support Files/Pods-Impulse WatchKit Extension/Pods-Impulse WatchKit Extension.release.xcconfig"; sourceTree = "<group>"; };
		092ED740BB5FEE901642F4C7 /* Pods-ImpulseExtension.debug.xcconfig */ = {isa = PBXFileReference; includeInIndex = 1; lastKnownFileType = text.xcconfig; name = "Pods-ImpulseExtension.debug.xcconfig"; path = "Pods/Target Support Files/Pods-ImpulseExtension/Pods-ImpulseExtension.debug.xcconfig"; sourceTree = "<group>"; };
		266DCBBE2DF713C20EEDB3FB /* Pods.framework */ = {isa = PBXFileReference; explicitFileType = wrapper.framework; includeInIndex = 0; path = Pods.framework; sourceTree = BUILT_PRODUCTS_DIR; };
		26D0E5F07C6A8840323E06BE /* Pods-ImpulseExtension.release.xcconfig */ = {isa = PBXFileReference; includeInIndex = 1; lastKnownFileType = text.xcconfig; name = "Pods-ImpulseExtension.release.xcconfig"; path = "Pods/Target Support Files/Pods-ImpulseExtension/Pods-ImpulseExtension.release.xcconfig"; sourceTree = "<group>"; };
		3D5B560E1A40960E7BAE0B09 /* Pods_ImpulseExtension.framework */ = {isa = PBXFileReference; explicitFileType = wrapper.framework; includeInIndex = 0; path = Pods_ImpulseExtension.framework; sourceTree = BUILT_PRODUCTS_DIR; };
		4C6706D65B0CEA4011E0632D /* Pods_Impulse_WatchKit_Extension.framework */ = {isa = PBXFileReference; explicitFileType = wrapper.framework; includeInIndex = 0; path = Pods_Impulse_WatchKit_Extension.framework; sourceTree = BUILT_PRODUCTS_DIR; };
		890D3398A55DC927937CCC7F /* Pods.release.xcconfig */ = {isa = PBXFileReference; includeInIndex = 1; lastKnownFileType = text.xcconfig; name = Pods.release.xcconfig; path = "Pods/Target Support Files/Pods/Pods.release.xcconfig"; sourceTree = "<group>"; };
		8ABFDFA3E5A4DF0A56281DE9 /* Pods-Impulse WatchKit Extension.debug.xcconfig */ = {isa = PBXFileReference; includeInIndex = 1; lastKnownFileType = text.xcconfig; name = "Pods-Impulse WatchKit Extension.debug.xcconfig"; path = "Pods/Target Support Files/Pods-Impulse WatchKit Extension/Pods-Impulse WatchKit Extension.debug.xcconfig"; sourceTree = "<group>"; };
		AA4D06491B5C0AE6001F3E86 /* Impulse WatchKit Extension.appex */ = {isa = PBXFileReference; explicitFileType = "wrapper.app-extension"; includeInIndex = 0; path = "Impulse WatchKit Extension.appex"; sourceTree = BUILT_PRODUCTS_DIR; };
		AA4D064C1B5C0AE6001F3E86 /* Info.plist */ = {isa = PBXFileReference; lastKnownFileType = text.plist.xml; path = Info.plist; sourceTree = "<group>"; };
		AA4D064D1B5C0AE6001F3E86 /* InterfaceController.swift */ = {isa = PBXFileReference; lastKnownFileType = sourcecode.swift; path = InterfaceController.swift; sourceTree = "<group>"; };
		AA4D064F1B5C0AE6001F3E86 /* GlanceController.swift */ = {isa = PBXFileReference; lastKnownFileType = sourcecode.swift; path = GlanceController.swift; sourceTree = "<group>"; };
		AA4D06511B5C0AE6001F3E86 /* Images.xcassets */ = {isa = PBXFileReference; lastKnownFileType = folder.assetcatalog; path = Images.xcassets; sourceTree = "<group>"; };
		AA4D06551B5C0AE6001F3E86 /* Impulse WatchKit App.app */ = {isa = PBXFileReference; explicitFileType = wrapper.application; includeInIndex = 0; path = "Impulse WatchKit App.app"; sourceTree = BUILT_PRODUCTS_DIR; };
		AA4D065B1B5C0AE7001F3E86 /* Info.plist */ = {isa = PBXFileReference; lastKnownFileType = text.plist.xml; path = Info.plist; sourceTree = "<group>"; };
		AA4D065D1B5C0AE7001F3E86 /* Base */ = {isa = PBXFileReference; lastKnownFileType = file.storyboard; name = Base; path = Base.lproj/Interface.storyboard; sourceTree = "<group>"; };
		AA4D065F1B5C0AE7001F3E86 /* Images.xcassets */ = {isa = PBXFileReference; lastKnownFileType = folder.assetcatalog; path = Images.xcassets; sourceTree = "<group>"; };
		AA4D066A1B5C0FEA001F3E86 /* Impulse WatchKit Extension.entitlements */ = {isa = PBXFileReference; lastKnownFileType = text.xml; path = "Impulse WatchKit Extension.entitlements"; sourceTree = "<group>"; };
		AA578B721B55F450000BDC17 /* IMPGradientView.swift */ = {isa = PBXFileReference; fileEncoding = 4; lastKnownFileType = sourcecode.swift; path = IMPGradientView.swift; sourceTree = "<group>"; };
		AA578B751B55F9AE000BDC17 /* UIColor+Constants.swift */ = {isa = PBXFileReference; fileEncoding = 4; lastKnownFileType = sourcecode.swift; path = "UIColor+Constants.swift"; sourceTree = "<group>"; };
		AAB941F61B5730E200902FF5 /* Settings.storyboard */ = {isa = PBXFileReference; fileEncoding = 4; lastKnownFileType = file.storyboard; path = Settings.storyboard; sourceTree = "<group>"; };
		AAB941F81B573BF400902FF5 /* IMPWhiteColoredDatePicker.swift */ = {isa = PBXFileReference; fileEncoding = 4; lastKnownFileType = sourcecode.swift; path = IMPWhiteColoredDatePicker.swift; sourceTree = "<group>"; };
		AAB941FA1B573F4700902FF5 /* UIImage+Constants.swift */ = {isa = PBXFileReference; fileEncoding = 4; lastKnownFileType = sourcecode.swift; path = "UIImage+Constants.swift"; sourceTree = "<group>"; };
		AAB941FC1B57468B00902FF5 /* SettingsViewController.swift */ = {isa = PBXFileReference; fileEncoding = 4; lastKnownFileType = sourcecode.swift; path = SettingsViewController.swift; sourceTree = "<group>"; };
		AABBA4761B59A40B007C7334 /* ImpulseExtension.appex */ = {isa = PBXFileReference; explicitFileType = "wrapper.app-extension"; includeInIndex = 0; path = ImpulseExtension.appex; sourceTree = BUILT_PRODUCTS_DIR; };
		AABBA4771B59A40B007C7334 /* NotificationCenter.framework */ = {isa = PBXFileReference; lastKnownFileType = wrapper.framework; name = NotificationCenter.framework; path = System/Library/Frameworks/NotificationCenter.framework; sourceTree = SDKROOT; };
		AABBA47B1B59A40B007C7334 /* Info.plist */ = {isa = PBXFileReference; lastKnownFileType = text.plist.xml; path = Info.plist; sourceTree = "<group>"; };
		AABBA47C1B59A40B007C7334 /* ImpulseExtensionViewController.swift */ = {isa = PBXFileReference; lastKnownFileType = sourcecode.swift; path = ImpulseExtensionViewController.swift; sourceTree = "<group>"; };
		AABBA47E1B59A40B007C7334 /* ImpulseExtension.storyboard */ = {isa = PBXFileReference; lastKnownFileType = file.storyboard; path = ImpulseExtension.storyboard; sourceTree = "<group>"; };
		AABBA4871B59A6FE007C7334 /* Impulse.entitlements */ = {isa = PBXFileReference; lastKnownFileType = text.xml; path = Impulse.entitlements; sourceTree = "<group>"; };
		AABBA4881B59A75D007C7334 /* ImpulseExtension.entitlements */ = {isa = PBXFileReference; lastKnownFileType = text.xml; path = ImpulseExtension.entitlements; sourceTree = "<group>"; };
		AAE7F3851B55E607005DC836 /* Impulse.app */ = {isa = PBXFileReference; explicitFileType = wrapper.application; includeInIndex = 0; path = Impulse.app; sourceTree = BUILT_PRODUCTS_DIR; };
		AAE7F3891B55E607005DC836 /* Info.plist */ = {isa = PBXFileReference; lastKnownFileType = text.plist.xml; path = Info.plist; sourceTree = "<group>"; };
		AAE7F38A1B55E607005DC836 /* AppDelegate.swift */ = {isa = PBXFileReference; lastKnownFileType = sourcecode.swift; path = AppDelegate.swift; sourceTree = "<group>"; };
		AAE7F38C1B55E607005DC836 /* AgeViewController.swift */ = {isa = PBXFileReference; lastKnownFileType = sourcecode.swift; path = AgeViewController.swift; sourceTree = "<group>"; };
		AAE7F38F1B55E607005DC836 /* Base */ = {isa = PBXFileReference; lastKnownFileType = file.storyboard; name = Base; path = Base.lproj/Age.storyboard; sourceTree = "<group>"; };
		AAE7F3911B55E607005DC836 /* Images.xcassets */ = {isa = PBXFileReference; lastKnownFileType = folder.assetcatalog; path = Images.xcassets; sourceTree = "<group>"; };
		AAE7F3941B55E607005DC836 /* Base */ = {isa = PBXFileReference; lastKnownFileType = file.xib; name = Base; path = Base.lproj/LaunchScreen.xib; sourceTree = "<group>"; };
		AAE7F39A1B55E607005DC836 /* ImpulseTests.xctest */ = {isa = PBXFileReference; explicitFileType = wrapper.cfbundle; includeInIndex = 0; path = ImpulseTests.xctest; sourceTree = BUILT_PRODUCTS_DIR; };
		AAE7F39F1B55E607005DC836 /* Info.plist */ = {isa = PBXFileReference; lastKnownFileType = text.plist.xml; path = Info.plist; sourceTree = "<group>"; };
		AAE7F3A01B55E607005DC836 /* ImpulseTests.swift */ = {isa = PBXFileReference; lastKnownFileType = sourcecode.swift; path = ImpulseTests.swift; sourceTree = "<group>"; };
		DB1AB2CF8A6B68D1513DD716 /* Pods.debug.xcconfig */ = {isa = PBXFileReference; includeInIndex = 1; lastKnownFileType = text.xcconfig; name = Pods.debug.xcconfig; path = "Pods/Target Support Files/Pods/Pods.debug.xcconfig"; sourceTree = "<group>"; };
/* End PBXFileReference section */

/* Begin PBXFrameworksBuildPhase section */
		715E979B5761A1B592BB9234 /* Frameworks */ = {
			isa = PBXFrameworksBuildPhase;
			buildActionMask = 2147483647;
			files = (
			);
			runOnlyForDeploymentPostprocessing = 0;
		};
		AA4D06461B5C0AE6001F3E86 /* Frameworks */ = {
			isa = PBXFrameworksBuildPhase;
			buildActionMask = 2147483647;
			files = (
				6AA7925D6D8FC2C50AE8387B /* Pods_Impulse_WatchKit_Extension.framework in Frameworks */,
			);
			runOnlyForDeploymentPostprocessing = 0;
		};
		AABBA4731B59A40B007C7334 /* Frameworks */ = {
			isa = PBXFrameworksBuildPhase;
			buildActionMask = 2147483647;
			files = (
				AABBA4781B59A40B007C7334 /* NotificationCenter.framework in Frameworks */,
				660033BE53718726A19BA935 /* Pods_ImpulseExtension.framework in Frameworks */,
			);
			runOnlyForDeploymentPostprocessing = 0;
		};
		AAE7F3821B55E607005DC836 /* Frameworks */ = {
			isa = PBXFrameworksBuildPhase;
			buildActionMask = 2147483647;
			files = (
				B4A59B596E5AE0286387B597 /* Pods.framework in Frameworks */,
			);
			runOnlyForDeploymentPostprocessing = 0;
		};
		AAE7F3971B55E607005DC836 /* Frameworks */ = {
			isa = PBXFrameworksBuildPhase;
			buildActionMask = 2147483647;
			files = (
			);
			runOnlyForDeploymentPostprocessing = 0;
		};
/* End PBXFrameworksBuildPhase section */

/* Begin PBXGroup section */
		10C8E3BC05E821D972388A7E /* Pods */ = {
			isa = PBXGroup;
			children = (
				DB1AB2CF8A6B68D1513DD716 /* Pods.debug.xcconfig */,
				890D3398A55DC927937CCC7F /* Pods.release.xcconfig */,
				8ABFDFA3E5A4DF0A56281DE9 /* Pods-Impulse WatchKit Extension.debug.xcconfig */,
				0861ACAF7F02B7AAA4CB6CD7 /* Pods-Impulse WatchKit Extension.release.xcconfig */,
				092ED740BB5FEE901642F4C7 /* Pods-ImpulseExtension.debug.xcconfig */,
				26D0E5F07C6A8840323E06BE /* Pods-ImpulseExtension.release.xcconfig */,
			);
			name = Pods;
			sourceTree = "<group>";
		};
		293BE815A379E0C43113FCBB /* Frameworks */ = {
			isa = PBXGroup;
			children = (
				266DCBBE2DF713C20EEDB3FB /* Pods.framework */,
				AABBA4771B59A40B007C7334 /* NotificationCenter.framework */,
				4C6706D65B0CEA4011E0632D /* Pods_Impulse_WatchKit_Extension.framework */,
				3D5B560E1A40960E7BAE0B09 /* Pods_ImpulseExtension.framework */,
			);
			name = Frameworks;
			sourceTree = "<group>";
		};
		AA4D064A1B5C0AE6001F3E86 /* Impulse WatchKit Extension */ = {
			isa = PBXGroup;
			children = (
				AA4D066A1B5C0FEA001F3E86 /* Impulse WatchKit Extension.entitlements */,
				AA4D064D1B5C0AE6001F3E86 /* InterfaceController.swift */,
				AA4D064F1B5C0AE6001F3E86 /* GlanceController.swift */,
				AA4D06511B5C0AE6001F3E86 /* Images.xcassets */,
				AA4D064B1B5C0AE6001F3E86 /* Supporting Files */,
			);
			path = "Impulse WatchKit Extension";
			sourceTree = "<group>";
		};
		AA4D064B1B5C0AE6001F3E86 /* Supporting Files */ = {
			isa = PBXGroup;
			children = (
				AA4D064C1B5C0AE6001F3E86 /* Info.plist */,
			);
			name = "Supporting Files";
			sourceTree = "<group>";
		};
		AA4D06591B5C0AE7001F3E86 /* Impulse WatchKit App */ = {
			isa = PBXGroup;
			children = (
				AA4D065C1B5C0AE7001F3E86 /* Interface.storyboard */,
				AA4D065F1B5C0AE7001F3E86 /* Images.xcassets */,
				AA4D065A1B5C0AE7001F3E86 /* Supporting Files */,
			);
			path = "Impulse WatchKit App";
			sourceTree = "<group>";
		};
		AA4D065A1B5C0AE7001F3E86 /* Supporting Files */ = {
			isa = PBXGroup;
			children = (
				AA4D065B1B5C0AE7001F3E86 /* Info.plist */,
			);
			name = "Supporting Files";
			sourceTree = "<group>";
		};
		AA578B6E1B55F29A000BDC17 /* View Controllers */ = {
			isa = PBXGroup;
			children = (
				AAE7F38C1B55E607005DC836 /* AgeViewController.swift */,
				AAB941FC1B57468B00902FF5 /* SettingsViewController.swift */,
			);
			path = "View Controllers";
			sourceTree = "<group>";
		};
		AA578B6F1B55F2A9000BDC17 /* Views */ = {
			isa = PBXGroup;
			children = (
				AA578B721B55F450000BDC17 /* IMPGradientView.swift */,
				AAB941F81B573BF400902FF5 /* IMPWhiteColoredDatePicker.swift */,
			);
			path = Views;
			sourceTree = "<group>";
		};
		AA578B711B55F2BC000BDC17 /* Storyboards */ = {
			isa = PBXGroup;
			children = (
				AAE7F38E1B55E607005DC836 /* Age.storyboard */,
				AAB941F61B5730E200902FF5 /* Settings.storyboard */,
			);
			path = Storyboards;
			sourceTree = "<group>";
		};
		AA578B741B55F996000BDC17 /* Extensions */ = {
			isa = PBXGroup;
			children = (
				AA578B751B55F9AE000BDC17 /* UIColor+Constants.swift */,
				AAB941FA1B573F4700902FF5 /* UIImage+Constants.swift */,
			);
			path = Extensions;
			sourceTree = "<group>";
		};
		AABBA4791B59A40B007C7334 /* ImpulseExtension */ = {
			isa = PBXGroup;
			children = (
				AABBA4881B59A75D007C7334 /* ImpulseExtension.entitlements */,
				AABBA47C1B59A40B007C7334 /* ImpulseExtensionViewController.swift */,
				AABBA47E1B59A40B007C7334 /* ImpulseExtension.storyboard */,
				AABBA47A1B59A40B007C7334 /* Supporting Files */,
			);
			path = ImpulseExtension;
			sourceTree = "<group>";
		};
		AABBA47A1B59A40B007C7334 /* Supporting Files */ = {
			isa = PBXGroup;
			children = (
				AABBA47B1B59A40B007C7334 /* Info.plist */,
			);
			name = "Supporting Files";
			sourceTree = "<group>";
		};
		AAE7F37C1B55E607005DC836 = {
			isa = PBXGroup;
			children = (
				AAE7F3871B55E607005DC836 /* Impulse */,
				AAE7F39D1B55E607005DC836 /* ImpulseTests */,
				AABBA4791B59A40B007C7334 /* ImpulseExtension */,
				AA4D064A1B5C0AE6001F3E86 /* Impulse WatchKit Extension */,
				AA4D06591B5C0AE7001F3E86 /* Impulse WatchKit App */,
				AAE7F3861B55E607005DC836 /* Products */,
				293BE815A379E0C43113FCBB /* Frameworks */,
				10C8E3BC05E821D972388A7E /* Pods */,
			);
			sourceTree = "<group>";
		};
		AAE7F3861B55E607005DC836 /* Products */ = {
			isa = PBXGroup;
			children = (
				AAE7F3851B55E607005DC836 /* Impulse.app */,
				AAE7F39A1B55E607005DC836 /* ImpulseTests.xctest */,
				AABBA4761B59A40B007C7334 /* ImpulseExtension.appex */,
				AA4D06491B5C0AE6001F3E86 /* Impulse WatchKit Extension.appex */,
				AA4D06551B5C0AE6001F3E86 /* Impulse WatchKit App.app */,
			);
			name = Products;
			sourceTree = "<group>";
		};
		AAE7F3871B55E607005DC836 /* Impulse */ = {
			isa = PBXGroup;
			children = (
				AABBA4871B59A6FE007C7334 /* Impulse.entitlements */,
				AA578B741B55F996000BDC17 /* Extensions */,
				AA578B711B55F2BC000BDC17 /* Storyboards */,
				AA578B6F1B55F2A9000BDC17 /* Views */,
				AA578B6E1B55F29A000BDC17 /* View Controllers */,
				AAE7F38A1B55E607005DC836 /* AppDelegate.swift */,
				AAE7F3911B55E607005DC836 /* Images.xcassets */,
				AAE7F3931B55E607005DC836 /* LaunchScreen.xib */,
				AAE7F3881B55E607005DC836 /* Supporting Files */,
			);
			path = Impulse;
			sourceTree = "<group>";
		};
		AAE7F3881B55E607005DC836 /* Supporting Files */ = {
			isa = PBXGroup;
			children = (
				AAE7F3891B55E607005DC836 /* Info.plist */,
			);
			path = "Supporting Files";
			sourceTree = "<group>";
		};
		AAE7F39D1B55E607005DC836 /* ImpulseTests */ = {
			isa = PBXGroup;
			children = (
				AAE7F3A01B55E607005DC836 /* ImpulseTests.swift */,
				AAE7F39E1B55E607005DC836 /* Supporting Files */,
			);
			path = ImpulseTests;
			sourceTree = "<group>";
		};
		AAE7F39E1B55E607005DC836 /* Supporting Files */ = {
			isa = PBXGroup;
			children = (
				AAE7F39F1B55E607005DC836 /* Info.plist */,
			);
			path = "Supporting Files";
			sourceTree = "<group>";
		};
/* End PBXGroup section */

/* Begin PBXNativeTarget section */
		AA4D06481B5C0AE6001F3E86 /* Impulse WatchKit Extension */ = {
			isa = PBXNativeTarget;
			buildConfigurationList = AA4D06691B5C0AE7001F3E86 /* Build configuration list for PBXNativeTarget "Impulse WatchKit Extension" */;
			buildPhases = (
				8BA80DEDED286FE1ECEA9212 /* Check Pods Manifest.lock */,
				AA4D06451B5C0AE6001F3E86 /* Sources */,
				AA4D06461B5C0AE6001F3E86 /* Frameworks */,
				AA4D06471B5C0AE6001F3E86 /* Resources */,
				810814780F8E10281308E59C /* Copy Pods Resources */,
			);
			buildRules = (
			);
			dependencies = (
				AA4D06581B5C0AE7001F3E86 /* PBXTargetDependency */,
			);
			name = "Impulse WatchKit Extension";
			productName = "Impulse WatchKit Extension";
			productReference = AA4D06491B5C0AE6001F3E86 /* Impulse WatchKit Extension.appex */;
			productType = "com.apple.product-type.watchkit-extension";
		};
		AA4D06541B5C0AE6001F3E86 /* Impulse WatchKit App */ = {
			isa = PBXNativeTarget;
			buildConfigurationList = AA4D06681B5C0AE7001F3E86 /* Build configuration list for PBXNativeTarget "Impulse WatchKit App" */;
			buildPhases = (
				AA4D06531B5C0AE6001F3E86 /* Resources */,
				715E979B5761A1B592BB9234 /* Frameworks */,
			);
			buildRules = (
			);
			dependencies = (
			);
			name = "Impulse WatchKit App";
			productName = "Impulse WatchKit App";
			productReference = AA4D06551B5C0AE6001F3E86 /* Impulse WatchKit App.app */;
			productType = "com.apple.product-type.application.watchapp";
		};
		AABBA4751B59A40B007C7334 /* ImpulseExtension */ = {
			isa = PBXNativeTarget;
			buildConfigurationList = AABBA4851B59A40B007C7334 /* Build configuration list for PBXNativeTarget "ImpulseExtension" */;
			buildPhases = (
				5677B68A7F80F22DA59F8ED9 /* Check Pods Manifest.lock */,
				AABBA4721B59A40B007C7334 /* Sources */,
				AABBA4731B59A40B007C7334 /* Frameworks */,
				AABBA4741B59A40B007C7334 /* Resources */,
				6D01E96ABCF93A7A64E34167 /* Copy Pods Resources */,
			);
			buildRules = (
			);
			dependencies = (
			);
			name = ImpulseExtension;
			productName = ImpulseExtension;
			productReference = AABBA4761B59A40B007C7334 /* ImpulseExtension.appex */;
			productType = "com.apple.product-type.app-extension";
		};
		AAE7F3841B55E607005DC836 /* Impulse */ = {
			isa = PBXNativeTarget;
			buildConfigurationList = AAE7F3A41B55E607005DC836 /* Build configuration list for PBXNativeTarget "Impulse" */;
			buildPhases = (
				0FEC1ECEEE05C472E4833378 /* Check Pods Manifest.lock */,
				AAE7F3811B55E607005DC836 /* Sources */,
				AAE7F3821B55E607005DC836 /* Frameworks */,
				AAE7F3831B55E607005DC836 /* Resources */,
				AABBA4861B59A40B007C7334 /* Embed App Extensions */,
				7659B015CFFBCB43445B4C11 /* Embed Pods Frameworks */,
				AD2BDDEFB247BA94998944F6 /* Copy Pods Resources */,
			);
			buildRules = (
			);
			dependencies = (
				AABBA4811B59A40B007C7334 /* PBXTargetDependency */,
				AA4D06621B5C0AE7001F3E86 /* PBXTargetDependency */,
			);
			name = Impulse;
			productName = Impulse;
			productReference = AAE7F3851B55E607005DC836 /* Impulse.app */;
			productType = "com.apple.product-type.application";
		};
		AAE7F3991B55E607005DC836 /* ImpulseTests */ = {
			isa = PBXNativeTarget;
			buildConfigurationList = AAE7F3A71B55E607005DC836 /* Build configuration list for PBXNativeTarget "ImpulseTests" */;
			buildPhases = (
				AAE7F3961B55E607005DC836 /* Sources */,
				AAE7F3971B55E607005DC836 /* Frameworks */,
				AAE7F3981B55E607005DC836 /* Resources */,
			);
			buildRules = (
			);
			dependencies = (
				AAE7F39C1B55E607005DC836 /* PBXTargetDependency */,
			);
			name = ImpulseTests;
			productName = ImpulseTests;
			productReference = AAE7F39A1B55E607005DC836 /* ImpulseTests.xctest */;
			productType = "com.apple.product-type.bundle.unit-test";
		};
/* End PBXNativeTarget section */

/* Begin PBXProject section */
		AAE7F37D1B55E607005DC836 /* Project object */ = {
			isa = PBXProject;
			attributes = {
				LastUpgradeCheck = 0640;
				ORGANIZATIONNAME = Jasdev;
				TargetAttributes = {
					AA4D06481B5C0AE6001F3E86 = {
						CreatedOnToolsVersion = 6.4;
						DevelopmentTeam = 4285F5WADF;
						SystemCapabilities = {
							com.apple.ApplicationGroups.iOS = {
								enabled = 1;
							};
						};
					};
					AA4D06541B5C0AE6001F3E86 = {
						CreatedOnToolsVersion = 6.4;
					};
					AABBA4751B59A40B007C7334 = {
						CreatedOnToolsVersion = 6.4;
						DevelopmentTeam = 4285F5WADF;
						SystemCapabilities = {
							com.apple.ApplicationGroups.iOS = {
								enabled = 1;
							};
						};
					};
					AAE7F3841B55E607005DC836 = {
						CreatedOnToolsVersion = 6.4;
						SystemCapabilities = {
							com.apple.ApplicationGroups.iOS = {
								enabled = 1;
							};
						};
					};
					AAE7F3991B55E607005DC836 = {
						CreatedOnToolsVersion = 6.4;
						TestTargetID = AAE7F3841B55E607005DC836;
					};
				};
			};
			buildConfigurationList = AAE7F3801B55E607005DC836 /* Build configuration list for PBXProject "Impulse" */;
			compatibilityVersion = "Xcode 3.2";
			developmentRegion = English;
			hasScannedForEncodings = 0;
			knownRegions = (
				en,
				Base,
			);
			mainGroup = AAE7F37C1B55E607005DC836;
			productRefGroup = AAE7F3861B55E607005DC836 /* Products */;
			projectDirPath = "";
			projectRoot = "";
			targets = (
				AAE7F3841B55E607005DC836 /* Impulse */,
				AAE7F3991B55E607005DC836 /* ImpulseTests */,
				AABBA4751B59A40B007C7334 /* ImpulseExtension */,
				AA4D06481B5C0AE6001F3E86 /* Impulse WatchKit Extension */,
				AA4D06541B5C0AE6001F3E86 /* Impulse WatchKit App */,
			);
		};
/* End PBXProject section */

/* Begin PBXResourcesBuildPhase section */
		AA4D06471B5C0AE6001F3E86 /* Resources */ = {
			isa = PBXResourcesBuildPhase;
			buildActionMask = 2147483647;
			files = (
				AA4D06561B5C0AE7001F3E86 /* Impulse WatchKit App.app in Resources */,
				AA4D06521B5C0AE6001F3E86 /* Images.xcassets in Resources */,
			);
			runOnlyForDeploymentPostprocessing = 0;
		};
		AA4D06531B5C0AE6001F3E86 /* Resources */ = {
			isa = PBXResourcesBuildPhase;
			buildActionMask = 2147483647;
			files = (
				AA4D065E1B5C0AE7001F3E86 /* Interface.storyboard in Resources */,
				AA4D06601B5C0AE7001F3E86 /* Images.xcassets in Resources */,
			);
			runOnlyForDeploymentPostprocessing = 0;
		};
		AABBA4741B59A40B007C7334 /* Resources */ = {
			isa = PBXResourcesBuildPhase;
			buildActionMask = 2147483647;
			files = (
				AABBA47F1B59A40B007C7334 /* ImpulseExtension.storyboard in Resources */,
			);
			runOnlyForDeploymentPostprocessing = 0;
		};
		AAE7F3831B55E607005DC836 /* Resources */ = {
			isa = PBXResourcesBuildPhase;
			buildActionMask = 2147483647;
			files = (
				AAE7F3901B55E607005DC836 /* Age.storyboard in Resources */,
				AAB941F71B5730E200902FF5 /* Settings.storyboard in Resources */,
				AAE7F3951B55E607005DC836 /* LaunchScreen.xib in Resources */,
				AAE7F3921B55E607005DC836 /* Images.xcassets in Resources */,
			);
			runOnlyForDeploymentPostprocessing = 0;
		};
		AAE7F3981B55E607005DC836 /* Resources */ = {
			isa = PBXResourcesBuildPhase;
			buildActionMask = 2147483647;
			files = (
			);
			runOnlyForDeploymentPostprocessing = 0;
		};
/* End PBXResourcesBuildPhase section */

/* Begin PBXShellScriptBuildPhase section */
		0FEC1ECEEE05C472E4833378 /* Check Pods Manifest.lock */ = {
			isa = PBXShellScriptBuildPhase;
			buildActionMask = 2147483647;
			files = (
			);
			inputPaths = (
			);
			name = "Check Pods Manifest.lock";
			outputPaths = (
			);
			runOnlyForDeploymentPostprocessing = 0;
			shellPath = /bin/sh;
			shellScript = "diff \"${PODS_ROOT}/../Podfile.lock\" \"${PODS_ROOT}/Manifest.lock\" > /dev/null\nif [[ $? != 0 ]] ; then\n    cat << EOM\nerror: The sandbox is not in sync with the Podfile.lock. Run 'pod install' or update your CocoaPods installation.\nEOM\n    exit 1\nfi\n";
			showEnvVarsInLog = 0;
		};
		5677B68A7F80F22DA59F8ED9 /* Check Pods Manifest.lock */ = {
			isa = PBXShellScriptBuildPhase;
			buildActionMask = 2147483647;
			files = (
			);
			inputPaths = (
			);
			name = "Check Pods Manifest.lock";
			outputPaths = (
			);
			runOnlyForDeploymentPostprocessing = 0;
			shellPath = /bin/sh;
			shellScript = "diff \"${PODS_ROOT}/../Podfile.lock\" \"${PODS_ROOT}/Manifest.lock\" > /dev/null\nif [[ $? != 0 ]] ; then\n    cat << EOM\nerror: The sandbox is not in sync with the Podfile.lock. Run 'pod install' or update your CocoaPods installation.\nEOM\n    exit 1\nfi\n";
			showEnvVarsInLog = 0;
		};
		6D01E96ABCF93A7A64E34167 /* Copy Pods Resources */ = {
			isa = PBXShellScriptBuildPhase;
			buildActionMask = 2147483647;
			files = (
			);
			inputPaths = (
			);
			name = "Copy Pods Resources";
			outputPaths = (
			);
			runOnlyForDeploymentPostprocessing = 0;
			shellPath = /bin/sh;
			shellScript = "\"${SRCROOT}/Pods/Target Support Files/Pods-ImpulseExtension/Pods-ImpulseExtension-resources.sh\"\n";
			showEnvVarsInLog = 0;
		};
		7659B015CFFBCB43445B4C11 /* Embed Pods Frameworks */ = {
			isa = PBXShellScriptBuildPhase;
			buildActionMask = 2147483647;
			files = (
			);
			inputPaths = (
			);
			name = "Embed Pods Frameworks";
			outputPaths = (
			);
			runOnlyForDeploymentPostprocessing = 0;
			shellPath = /bin/sh;
			shellScript = "\"${SRCROOT}/Pods/Target Support Files/Pods/Pods-frameworks.sh\"\n";
			showEnvVarsInLog = 0;
		};
		810814780F8E10281308E59C /* Copy Pods Resources */ = {
			isa = PBXShellScriptBuildPhase;
			buildActionMask = 2147483647;
			files = (
			);
			inputPaths = (
			);
			name = "Copy Pods Resources";
			outputPaths = (
			);
			runOnlyForDeploymentPostprocessing = 0;
			shellPath = /bin/sh;
			shellScript = "\"${SRCROOT}/Pods/Target Support Files/Pods-Impulse WatchKit Extension/Pods-Impulse WatchKit Extension-resources.sh\"\n";
			showEnvVarsInLog = 0;
		};
		8BA80DEDED286FE1ECEA9212 /* Check Pods Manifest.lock */ = {
			isa = PBXShellScriptBuildPhase;
			buildActionMask = 2147483647;
			files = (
			);
			inputPaths = (
			);
			name = "Check Pods Manifest.lock";
			outputPaths = (
			);
			runOnlyForDeploymentPostprocessing = 0;
			shellPath = /bin/sh;
			shellScript = "diff \"${PODS_ROOT}/../Podfile.lock\" \"${PODS_ROOT}/Manifest.lock\" > /dev/null\nif [[ $? != 0 ]] ; then\n    cat << EOM\nerror: The sandbox is not in sync with the Podfile.lock. Run 'pod install' or update your CocoaPods installation.\nEOM\n    exit 1\nfi\n";
			showEnvVarsInLog = 0;
		};
		AD2BDDEFB247BA94998944F6 /* Copy Pods Resources */ = {
			isa = PBXShellScriptBuildPhase;
			buildActionMask = 2147483647;
			files = (
			);
			inputPaths = (
			);
			name = "Copy Pods Resources";
			outputPaths = (
			);
			runOnlyForDeploymentPostprocessing = 0;
			shellPath = /bin/sh;
			shellScript = "\"${SRCROOT}/Pods/Target Support Files/Pods/Pods-resources.sh\"\n";
			showEnvVarsInLog = 0;
		};
/* End PBXShellScriptBuildPhase section */

/* Begin PBXSourcesBuildPhase section */
		AA4D06451B5C0AE6001F3E86 /* Sources */ = {
			isa = PBXSourcesBuildPhase;
			buildActionMask = 2147483647;
			files = (
				AA4D064E1B5C0AE6001F3E86 /* InterfaceController.swift in Sources */,
				AA4D06501B5C0AE6001F3E86 /* GlanceController.swift in Sources */,
			);
			runOnlyForDeploymentPostprocessing = 0;
		};
		AABBA4721B59A40B007C7334 /* Sources */ = {
			isa = PBXSourcesBuildPhase;
			buildActionMask = 2147483647;
			files = (
				AABBA47D1B59A40B007C7334 /* ImpulseExtensionViewController.swift in Sources */,
			);
			runOnlyForDeploymentPostprocessing = 0;
		};
		AAE7F3811B55E607005DC836 /* Sources */ = {
			isa = PBXSourcesBuildPhase;
			buildActionMask = 2147483647;
			files = (
				AA578B731B55F450000BDC17 /* IMPGradientView.swift in Sources */,
				AAB941F91B573BF400902FF5 /* IMPWhiteColoredDatePicker.swift in Sources */,
				AAB941FD1B57468B00902FF5 /* SettingsViewController.swift in Sources */,
				AAE7F38D1B55E607005DC836 /* AgeViewController.swift in Sources */,
				AAB941FB1B573F4700902FF5 /* UIImage+Constants.swift in Sources */,
				AAE7F38B1B55E607005DC836 /* AppDelegate.swift in Sources */,
				AA578B761B55F9AE000BDC17 /* UIColor+Constants.swift in Sources */,
			);
			runOnlyForDeploymentPostprocessing = 0;
		};
		AAE7F3961B55E607005DC836 /* Sources */ = {
			isa = PBXSourcesBuildPhase;
			buildActionMask = 2147483647;
			files = (
				AAE7F3A11B55E607005DC836 /* ImpulseTests.swift in Sources */,
			);
			runOnlyForDeploymentPostprocessing = 0;
		};
/* End PBXSourcesBuildPhase section */

/* Begin PBXTargetDependency section */
		AA4D06581B5C0AE7001F3E86 /* PBXTargetDependency */ = {
			isa = PBXTargetDependency;
			target = AA4D06541B5C0AE6001F3E86 /* Impulse WatchKit App */;
			targetProxy = AA4D06571B5C0AE7001F3E86 /* PBXContainerItemProxy */;
		};
		AA4D06621B5C0AE7001F3E86 /* PBXTargetDependency */ = {
			isa = PBXTargetDependency;
			target = AA4D06481B5C0AE6001F3E86 /* Impulse WatchKit Extension */;
			targetProxy = AA4D06611B5C0AE7001F3E86 /* PBXContainerItemProxy */;
		};
		AABBA4811B59A40B007C7334 /* PBXTargetDependency */ = {
			isa = PBXTargetDependency;
			target = AABBA4751B59A40B007C7334 /* ImpulseExtension */;
			targetProxy = AABBA4801B59A40B007C7334 /* PBXContainerItemProxy */;
		};
		AAE7F39C1B55E607005DC836 /* PBXTargetDependency */ = {
			isa = PBXTargetDependency;
			target = AAE7F3841B55E607005DC836 /* Impulse */;
			targetProxy = AAE7F39B1B55E607005DC836 /* PBXContainerItemProxy */;
		};
/* End PBXTargetDependency section */

/* Begin PBXVariantGroup section */
		AA4D065C1B5C0AE7001F3E86 /* Interface.storyboard */ = {
			isa = PBXVariantGroup;
			children = (
				AA4D065D1B5C0AE7001F3E86 /* Base */,
			);
			name = Interface.storyboard;
			sourceTree = "<group>";
		};
		AAE7F38E1B55E607005DC836 /* Age.storyboard */ = {
			isa = PBXVariantGroup;
			children = (
				AAE7F38F1B55E607005DC836 /* Base */,
			);
			name = Age.storyboard;
			path = .;
			sourceTree = "<group>";
		};
		AAE7F3931B55E607005DC836 /* LaunchScreen.xib */ = {
			isa = PBXVariantGroup;
			children = (
				AAE7F3941B55E607005DC836 /* Base */,
			);
			name = LaunchScreen.xib;
			path = .;
			sourceTree = "<group>";
		};
/* End PBXVariantGroup section */

/* Begin XCBuildConfiguration section */
		AA4D06641B5C0AE7001F3E86 /* Debug */ = {
			isa = XCBuildConfiguration;
			baseConfigurationReference = 8ABFDFA3E5A4DF0A56281DE9 /* Pods-Impulse WatchKit Extension.debug.xcconfig */;
			buildSettings = {
				CODE_SIGN_ENTITLEMENTS = "Impulse WatchKit Extension/Impulse WatchKit Extension.entitlements";
				CODE_SIGN_IDENTITY = "iPhone Developer";
				"CODE_SIGN_IDENTITY[sdk=iphoneos*]" = "iPhone Developer";
				GCC_PREPROCESSOR_DEFINITIONS = (
					"DEBUG=1",
					"$(inherited)",
				);
				INFOPLIST_FILE = "Impulse WatchKit Extension/Info.plist";
				LD_RUNPATH_SEARCH_PATHS = "$(inherited) @executable_path/Frameworks @executable_path/../../Frameworks";
				PRODUCT_NAME = "${TARGET_NAME}";
				PROVISIONING_PROFILE = "";
				SKIP_INSTALL = YES;
			};
			name = Debug;
		};
		AA4D06651B5C0AE7001F3E86 /* Release */ = {
			isa = XCBuildConfiguration;
			baseConfigurationReference = 0861ACAF7F02B7AAA4CB6CD7 /* Pods-Impulse WatchKit Extension.release.xcconfig */;
			buildSettings = {
				CODE_SIGN_ENTITLEMENTS = "Impulse WatchKit Extension/Impulse WatchKit Extension.entitlements";
				CODE_SIGN_IDENTITY = "iPhone Developer";
				"CODE_SIGN_IDENTITY[sdk=iphoneos*]" = "iPhone Developer";
				INFOPLIST_FILE = "Impulse WatchKit Extension/Info.plist";
				LD_RUNPATH_SEARCH_PATHS = "$(inherited) @executable_path/Frameworks @executable_path/../../Frameworks";
				PRODUCT_NAME = "${TARGET_NAME}";
				PROVISIONING_PROFILE = "";
				SKIP_INSTALL = YES;
			};
			name = Release;
		};
		AA4D06661B5C0AE7001F3E86 /* Debug */ = {
			isa = XCBuildConfiguration;
			buildSettings = {
				ASSETCATALOG_COMPILER_APPICON_NAME = AppIcon;
				GCC_PREPROCESSOR_DEFINITIONS = (
					"DEBUG=1",
					"$(inherited)",
				);
				IBSC_MODULE = Impulse_WatchKit_Extension;
				INFOPLIST_FILE = "Impulse WatchKit App/Info.plist";
				IPHONEOS_DEPLOYMENT_TARGET = 8.2;
				PRODUCT_NAME = "$(TARGET_NAME)";
				SKIP_INSTALL = YES;
				TARGETED_DEVICE_FAMILY = 4;
				"TARGETED_DEVICE_FAMILY[sdk=iphonesimulator*]" = "1,4";
			};
			name = Debug;
		};
		AA4D06671B5C0AE7001F3E86 /* Release */ = {
			isa = XCBuildConfiguration;
			buildSettings = {
				ASSETCATALOG_COMPILER_APPICON_NAME = AppIcon;
				IBSC_MODULE = Impulse_WatchKit_Extension;
				INFOPLIST_FILE = "Impulse WatchKit App/Info.plist";
				IPHONEOS_DEPLOYMENT_TARGET = 8.2;
				PRODUCT_NAME = "$(TARGET_NAME)";
				SKIP_INSTALL = YES;
				TARGETED_DEVICE_FAMILY = 4;
				"TARGETED_DEVICE_FAMILY[sdk=iphonesimulator*]" = "1,4";
			};
			name = Release;
		};
		AABBA4831B59A40B007C7334 /* Debug */ = {
			isa = XCBuildConfiguration;
			baseConfigurationReference = 092ED740BB5FEE901642F4C7 /* Pods-ImpulseExtension.debug.xcconfig */;
			buildSettings = {
				CODE_SIGN_ENTITLEMENTS = ImpulseExtension/ImpulseExtension.entitlements;
				CODE_SIGN_IDENTITY = "iPhone Developer";
				"CODE_SIGN_IDENTITY[sdk=iphoneos*]" = "iPhone Developer";
				GCC_PREPROCESSOR_DEFINITIONS = (
					"DEBUG=1",
					"$(inherited)",
				);
				INFOPLIST_FILE = ImpulseExtension/Info.plist;
				LD_RUNPATH_SEARCH_PATHS = "$(inherited) @executable_path/Frameworks @executable_path/../../Frameworks";
				PRODUCT_NAME = "$(TARGET_NAME)";
				PROVISIONING_PROFILE = "";
				SKIP_INSTALL = YES;
			};
			name = Debug;
		};
		AABBA4841B59A40B007C7334 /* Release */ = {
			isa = XCBuildConfiguration;
			baseConfigurationReference = 26D0E5F07C6A8840323E06BE /* Pods-ImpulseExtension.release.xcconfig */;
			buildSettings = {
				CODE_SIGN_ENTITLEMENTS = ImpulseExtension/ImpulseExtension.entitlements;
				CODE_SIGN_IDENTITY = "iPhone Developer";
				"CODE_SIGN_IDENTITY[sdk=iphoneos*]" = "iPhone Developer";
				INFOPLIST_FILE = ImpulseExtension/Info.plist;
				LD_RUNPATH_SEARCH_PATHS = "$(inherited) @executable_path/Frameworks @executable_path/../../Frameworks";
				PRODUCT_NAME = "$(TARGET_NAME)";
				PROVISIONING_PROFILE = "";
				SKIP_INSTALL = YES;
			};
			name = Release;
		};
		AAE7F3A21B55E607005DC836 /* Debug */ = {
			isa = XCBuildConfiguration;
			buildSettings = {
				ALWAYS_SEARCH_USER_PATHS = NO;
				CLANG_CXX_LANGUAGE_STANDARD = "gnu++0x";
				CLANG_CXX_LIBRARY = "libc++";
				CLANG_ENABLE_MODULES = YES;
				CLANG_ENABLE_OBJC_ARC = YES;
				CLANG_WARN_BOOL_CONVERSION = YES;
				CLANG_WARN_CONSTANT_CONVERSION = YES;
				CLANG_WARN_DIRECT_OBJC_ISA_USAGE = YES_ERROR;
				CLANG_WARN_EMPTY_BODY = YES;
				CLANG_WARN_ENUM_CONVERSION = YES;
				CLANG_WARN_INT_CONVERSION = YES;
				CLANG_WARN_OBJC_ROOT_CLASS = YES_ERROR;
				CLANG_WARN_UNREACHABLE_CODE = YES;
				CLANG_WARN__DUPLICATE_METHOD_MATCH = YES;
				CODE_SIGN_IDENTITY = "iPhone Distribution";
				"CODE_SIGN_IDENTITY[sdk=iphoneos*]" = "iPhone Developer";
				COPY_PHASE_STRIP = NO;
				DEBUG_INFORMATION_FORMAT = "dwarf-with-dsym";
				ENABLE_STRICT_OBJC_MSGSEND = YES;
				GCC_C_LANGUAGE_STANDARD = gnu99;
				GCC_DYNAMIC_NO_PIC = NO;
				GCC_NO_COMMON_BLOCKS = YES;
				GCC_OPTIMIZATION_LEVEL = 0;
				GCC_PREPROCESSOR_DEFINITIONS = (
					"DEBUG=1",
					"$(inherited)",
				);
				GCC_SYMBOLS_PRIVATE_EXTERN = NO;
				GCC_WARN_64_TO_32_BIT_CONVERSION = YES;
				GCC_WARN_ABOUT_RETURN_TYPE = YES_ERROR;
				GCC_WARN_UNDECLARED_SELECTOR = YES;
				GCC_WARN_UNINITIALIZED_AUTOS = YES_AGGRESSIVE;
				GCC_WARN_UNUSED_FUNCTION = YES;
				GCC_WARN_UNUSED_VARIABLE = YES;
				INSTALL_PATH = "$(LOCAL_APPS_DIR)";
				IPHONEOS_DEPLOYMENT_TARGET = 8.4;
				MTL_ENABLE_DEBUG_INFO = YES;
				ONLY_ACTIVE_ARCH = YES;
				SDKROOT = iphoneos;
				SKIP_INSTALL = YES;
				SWIFT_OPTIMIZATION_LEVEL = "-Onone";
			};
			name = Debug;
		};
		AAE7F3A31B55E607005DC836 /* Release */ = {
			isa = XCBuildConfiguration;
			buildSettings = {
				ALWAYS_SEARCH_USER_PATHS = NO;
				CLANG_CXX_LANGUAGE_STANDARD = "gnu++0x";
				CLANG_CXX_LIBRARY = "libc++";
				CLANG_ENABLE_MODULES = YES;
				CLANG_ENABLE_OBJC_ARC = YES;
				CLANG_WARN_BOOL_CONVERSION = YES;
				CLANG_WARN_CONSTANT_CONVERSION = YES;
				CLANG_WARN_DIRECT_OBJC_ISA_USAGE = YES_ERROR;
				CLANG_WARN_EMPTY_BODY = YES;
				CLANG_WARN_ENUM_CONVERSION = YES;
				CLANG_WARN_INT_CONVERSION = YES;
				CLANG_WARN_OBJC_ROOT_CLASS = YES_ERROR;
				CLANG_WARN_UNREACHABLE_CODE = YES;
				CLANG_WARN__DUPLICATE_METHOD_MATCH = YES;
				CODE_SIGN_IDENTITY = "iPhone Distribution";
				"CODE_SIGN_IDENTITY[sdk=iphoneos*]" = "iPhone Developer";
				COPY_PHASE_STRIP = NO;
				DEBUG_INFORMATION_FORMAT = "dwarf-with-dsym";
				ENABLE_NS_ASSERTIONS = NO;
				ENABLE_STRICT_OBJC_MSGSEND = YES;
				GCC_C_LANGUAGE_STANDARD = gnu99;
				GCC_NO_COMMON_BLOCKS = YES;
				GCC_WARN_64_TO_32_BIT_CONVERSION = YES;
				GCC_WARN_ABOUT_RETURN_TYPE = YES_ERROR;
				GCC_WARN_UNDECLARED_SELECTOR = YES;
				GCC_WARN_UNINITIALIZED_AUTOS = YES_AGGRESSIVE;
				GCC_WARN_UNUSED_FUNCTION = YES;
				GCC_WARN_UNUSED_VARIABLE = YES;
				INSTALL_PATH = "$(LOCAL_APPS_DIR)";
				IPHONEOS_DEPLOYMENT_TARGET = 8.4;
				MTL_ENABLE_DEBUG_INFO = NO;
				SDKROOT = iphoneos;
				SKIP_INSTALL = YES;
				VALIDATE_PRODUCT = YES;
			};
			name = Release;
		};
		AAE7F3A51B55E607005DC836 /* Debug */ = {
			isa = XCBuildConfiguration;
			baseConfigurationReference = DB1AB2CF8A6B68D1513DD716 /* Pods.debug.xcconfig */;
			buildSettings = {
				ASSETCATALOG_COMPILER_APPICON_NAME = AppIcon;
				CODE_SIGN_ENTITLEMENTS = Impulse/Impulse.entitlements;
				CODE_SIGN_IDENTITY = "iPhone Developer";
				"CODE_SIGN_IDENTITY[sdk=iphoneos*]" = "iPhone Developer";
				INFOPLIST_FILE = "Impulse/Supporting Files/Info.plist";
				INSTALL_PATH = /Applications;
				LD_RUNPATH_SEARCH_PATHS = "$(inherited) @executable_path/Frameworks";
				PRODUCT_NAME = "$(TARGET_NAME)";
				PROVISIONING_PROFILE = "";
				SKIP_INSTALL = NO;
			};
			name = Debug;
		};
		AAE7F3A61B55E607005DC836 /* Release */ = {
			isa = XCBuildConfiguration;
			baseConfigurationReference = 890D3398A55DC927937CCC7F /* Pods.release.xcconfig */;
			buildSettings = {
				ASSETCATALOG_COMPILER_APPICON_NAME = AppIcon;
				CODE_SIGN_ENTITLEMENTS = Impulse/Impulse.entitlements;
				CODE_SIGN_IDENTITY = "iPhone Developer";
				"CODE_SIGN_IDENTITY[sdk=iphoneos*]" = "iPhone Developer";
				INFOPLIST_FILE = "Impulse/Supporting Files/Info.plist";
				INSTALL_PATH = /Applications;
				LD_RUNPATH_SEARCH_PATHS = "$(inherited) @executable_path/Frameworks";
				PRODUCT_NAME = "$(TARGET_NAME)";
				PROVISIONING_PROFILE = "";
				SKIP_INSTALL = NO;
			};
			name = Release;
		};
		AAE7F3A81B55E607005DC836 /* Debug */ = {
			isa = XCBuildConfiguration;
			buildSettings = {
				BUNDLE_LOADER = "$(TEST_HOST)";
				FRAMEWORK_SEARCH_PATHS = (
					"$(SDKROOT)/Developer/Library/Frameworks",
					"$(inherited)",
				);
				GCC_PREPROCESSOR_DEFINITIONS = (
					"DEBUG=1",
					"$(inherited)",
				);
				INFOPLIST_FILE = "ImpulseTests/Supporting Files/Info.plist";
				LD_RUNPATH_SEARCH_PATHS = "$(inherited) @executable_path/Frameworks @loader_path/Frameworks";
				PRODUCT_NAME = "$(TARGET_NAME)";
				SKIP_INSTALL = YES;
				TEST_HOST = "$(BUILT_PRODUCTS_DIR)/Impulse.app/Impulse";
			};
			name = Debug;
		};
		AAE7F3A91B55E607005DC836 /* Release */ = {
			isa = XCBuildConfiguration;
			buildSettings = {
				BUNDLE_LOADER = "$(TEST_HOST)";
				FRAMEWORK_SEARCH_PATHS = (
					"$(SDKROOT)/Developer/Library/Frameworks",
					"$(inherited)",
				);
				INFOPLIST_FILE = "ImpulseTests/Supporting Files/Info.plist";
				LD_RUNPATH_SEARCH_PATHS = "$(inherited) @executable_path/Frameworks @loader_path/Frameworks";
				PRODUCT_NAME = "$(TARGET_NAME)";
				SKIP_INSTALL = YES;
				TEST_HOST = "$(BUILT_PRODUCTS_DIR)/Impulse.app/Impulse";
			};
			name = Release;
		};
/* End XCBuildConfiguration section */

/* Begin XCConfigurationList section */
		AA4D06681B5C0AE7001F3E86 /* Build configuration list for PBXNativeTarget "Impulse WatchKit App" */ = {
			isa = XCConfigurationList;
			buildConfigurations = (
				AA4D06661B5C0AE7001F3E86 /* Debug */,
				AA4D06671B5C0AE7001F3E86 /* Release */,
			);
			defaultConfigurationIsVisible = 0;
			defaultConfigurationName = Release;
		};
		AA4D06691B5C0AE7001F3E86 /* Build configuration list for PBXNativeTarget "Impulse WatchKit Extension" */ = {
			isa = XCConfigurationList;
			buildConfigurations = (
				AA4D06641B5C0AE7001F3E86 /* Debug */,
				AA4D06651B5C0AE7001F3E86 /* Release */,
			);
			defaultConfigurationIsVisible = 0;
			defaultConfigurationName = Release;
		};
		AABBA4851B59A40B007C7334 /* Build configuration list for PBXNativeTarget "ImpulseExtension" */ = {
			isa = XCConfigurationList;
			buildConfigurations = (
				AABBA4831B59A40B007C7334 /* Debug */,
				AABBA4841B59A40B007C7334 /* Release */,
			);
			defaultConfigurationIsVisible = 0;
			defaultConfigurationName = Release;
		};
		AAE7F3801B55E607005DC836 /* Build configuration list for PBXProject "Impulse" */ = {
			isa = XCConfigurationList;
			buildConfigurations = (
				AAE7F3A21B55E607005DC836 /* Debug */,
				AAE7F3A31B55E607005DC836 /* Release */,
			);
			defaultConfigurationIsVisible = 0;
			defaultConfigurationName = Release;
		};
		AAE7F3A41B55E607005DC836 /* Build configuration list for PBXNativeTarget "Impulse" */ = {
			isa = XCConfigurationList;
			buildConfigurations = (
				AAE7F3A51B55E607005DC836 /* Debug */,
				AAE7F3A61B55E607005DC836 /* Release */,
			);
			defaultConfigurationIsVisible = 0;
			defaultConfigurationName = Release;
		};
		AAE7F3A71B55E607005DC836 /* Build configuration list for PBXNativeTarget "ImpulseTests" */ = {
			isa = XCConfigurationList;
			buildConfigurations = (
				AAE7F3A81B55E607005DC836 /* Debug */,
				AAE7F3A91B55E607005DC836 /* Release */,
			);
			defaultConfigurationIsVisible = 0;
			defaultConfigurationName = Release;
		};
/* End XCConfigurationList section */
	};
	rootObject = AAE7F37D1B55E607005DC836 /* Project object */;
}
